
Microsoft Visual Studio Solution File, Format Version 12.00
# Visual Studio Version 16
VisualStudioVersion = 16.0.33920.266
MinimumVisualStudioVersion = 10.0.40219.1
Project("{FAE04EC0-301F-11D3-BF4B-00C04F79EFBC}") = "Train", "Train.csproj", "{82ECADDF-0B62-4C3E-9ED3-485844704F9A}"
EndProject
Global
	GlobalSection(SolutionConfigurationPlatforms) = preSolution
		Debug|Any CPU = Debug|Any CPU
		Release|Any CPU = Release|Any CPU
	EndGlobalSection
	GlobalSection(ProjectConfigurationPlatforms) = postSolution
		{82ECADDF-0B62-4C3E-9ED3-485844704F9A}.Debug|Any CPU.ActiveCfg = Debug|Any CPU
		{82ECADDF-0B62-4C3E-9ED3-485844704F9A}.Debug|Any CPU.Build.0 = Debug|Any CPU
		{82ECADDF-0B62-4C3E-9ED3-485844704F9A}.Release|Any CPU.ActiveCfg = Release|Any CPU
		{82ECADDF-0B62-4C3E-9ED3-485844704F9A}.Release|Any CPU.Build.0 = Release|Any CPU
	EndGlobalSection
	GlobalSection(SolutionProperties) = preSolution
		HideSolutionNode = FALSE
	EndGlobalSection
	GlobalSection(ExtensibilityGlobals) = postSolution
		SolutionGuid = {BAB4E3BF-B466-4325-A4BD-05738D678A63}
	EndGlobalSection
EndGlobal
